
Microsoft Visual Studio Solution File, Format Version 12.00
# Visual Studio Version 17
VisualStudioVersion = 17.9.34723.18
MinimumVisualStudioVersion = 10.0.40219.1
Project("{FAE04EC0-301F-11D3-BF4B-00C04F79EFBC}") = "WebApplicationNew", "WebApplicationNew\WebApplicationNew.csproj", "{100EB9A5-D8CD-4DA8-8E4B-28AE76DD3EBD}"
EndProject
Global
	GlobalSection(SolutionConfigurationPlatforms) = preSolution
		Debug|Any CPU = Debug|Any CPU
		Release|Any CPU = Release|Any CPU
	EndGlobalSection
	GlobalSection(ProjectConfigurationPlatforms) = postSolution
		{100EB9A5-D8CD-4DA8-8E4B-28AE76DD3EBD}.Debug|Any CPU.ActiveCfg = Debug|Any CPU
		{100EB9A5-D8CD-4DA8-8E4B-28AE76DD3EBD}.Debug|Any CPU.Build.0 = Debug|Any CPU
		{100EB9A5-D8CD-4DA8-8E4B-28AE76DD3EBD}.Release|Any CPU.ActiveCfg = Release|Any CPU
		{100EB9A5-D8CD-4DA8-8E4B-28AE76DD3EBD}.Release|Any CPU.Build.0 = Release|Any CPU
	EndGlobalSection
	GlobalSection(SolutionProperties) = preSolution
		HideSolutionNode = FALSE
	EndGlobalSection
	GlobalSection(ExtensibilityGlobals) = postSolution
		SolutionGuid = {086DF961-8842-4749-B11B-E6FEF9B321A2}
	EndGlobalSection
EndGlobal
